{
    "name": "node-red-project",
    "version": "0.0.1",
    "lockfileVersion": 3,
    "requires": true,
    "packages": {
        "": {
            "name": "node-red-project",
            "version": "0.0.1",
            "dependencies": {
                "node-red-contrib-mcp-tools": "file:node-red-contrib-mcp-tools"
            }
        },
        "node_modules/node-red-contrib-mcp-tools": {
            "resolved": "node-red-contrib-mcp-tools",
            "link": true
        },
        "node-red-contrib-mcp-tools": {
            "version": "1.0.0",
            "license": "MIT"
        }
    }
}
