{
    "name": "node-red-project",
    "version": "0.0.1",
    "lockfileVersion": 3,
    "requires": true,
    "packages": {
        "": {
            "name": "node-red-project",
            "version": "0.0.1",
            "dependencies": {
                "node-red-contrib-mcp-tools": "~1.0.0"
            }
        },
        "node_modules/node-red-contrib-mcp-tools": {
            "version": "1.0.0",
            "resolved": "https://registry.npmjs.org/node-red-contrib-mcp-tools/-/node-red-contrib-mcp-tools-1.0.0.tgz",
            "integrity": "sha512-+lWZBdAx9fkYL6V/RpkGPhb9K50vBG3fDvxV3PWTt45CgM9hxrxKZzA0rGQs7HvGqfFUCuSl7fPkGtrbQYUk7Q=="
        }
    }
}
